
Microsoft Visual Studio Solution File, Format Version 12.00
# Visual Studio 15
VisualStudioVersion = 15.0.28307.136
MinimumVisualStudioVersion = 10.0.40219.1
Project("{9A19103F-16F7-4668-BE54-9A1E7A4F7556}") = "TalkAkka.Northwind", "TalkAkka.Northwind\TalkAkka.Northwind.csproj", "{1ABA3B3F-B77A-44BD-87AF-B8F0EDE11D6E}"
EndProject
Project("{FAE04EC0-301F-11D3-BF4B-00C04F79EFBC}") = "TalkAkka.OldJob", "TalkAkka.OldJob\TalkAkka.OldJob.csproj", "{256600F7-2ED6-4333-8CFE-F801E3D7A996}"
EndProject
Project("{FAE04EC0-301F-11D3-BF4B-00C04F79EFBC}") = "TalkAkka.SingleActors", "TalkAkka.SingleActors\TalkAkka.SingleActors.csproj", "{443693A1-151F-4B98-B552-553BE93B6194}"
EndProject
Project("{9A19103F-16F7-4668-BE54-9A1E7A4F7556}") = "TalkAkka.GroupActors", "TalkAkka.GroupActors\TalkAkka.GroupActors.csproj", "{4DE38BC8-D6D7-4EB1-B134-C71D6381553D}"
EndProject
Global
	GlobalSection(SolutionConfigurationPlatforms) = preSolution
		Debug|Any CPU = Debug|Any CPU
		Release|Any CPU = Release|Any CPU
	EndGlobalSection
	GlobalSection(ProjectConfigurationPlatforms) = postSolution
		{1ABA3B3F-B77A-44BD-87AF-B8F0EDE11D6E}.Debug|Any CPU.ActiveCfg = Debug|Any CPU
		{1ABA3B3F-B77A-44BD-87AF-B8F0EDE11D6E}.Debug|Any CPU.Build.0 = Debug|Any CPU
		{1ABA3B3F-B77A-44BD-87AF-B8F0EDE11D6E}.Release|Any CPU.ActiveCfg = Release|Any CPU
		{1ABA3B3F-B77A-44BD-87AF-B8F0EDE11D6E}.Release|Any CPU.Build.0 = Release|Any CPU
		{256600F7-2ED6-4333-8CFE-F801E3D7A996}.Debug|Any CPU.ActiveCfg = Debug|Any CPU
		{256600F7-2ED6-4333-8CFE-F801E3D7A996}.Debug|Any CPU.Build.0 = Debug|Any CPU
		{256600F7-2ED6-4333-8CFE-F801E3D7A996}.Release|Any CPU.ActiveCfg = Release|Any CPU
		{256600F7-2ED6-4333-8CFE-F801E3D7A996}.Release|Any CPU.Build.0 = Release|Any CPU
		{443693A1-151F-4B98-B552-553BE93B6194}.Debug|Any CPU.ActiveCfg = Debug|Any CPU
		{443693A1-151F-4B98-B552-553BE93B6194}.Debug|Any CPU.Build.0 = Debug|Any CPU
		{443693A1-151F-4B98-B552-553BE93B6194}.Release|Any CPU.ActiveCfg = Release|Any CPU
		{443693A1-151F-4B98-B552-553BE93B6194}.Release|Any CPU.Build.0 = Release|Any CPU
		{4DE38BC8-D6D7-4EB1-B134-C71D6381553D}.Debug|Any CPU.ActiveCfg = Debug|Any CPU
		{4DE38BC8-D6D7-4EB1-B134-C71D6381553D}.Debug|Any CPU.Build.0 = Debug|Any CPU
		{4DE38BC8-D6D7-4EB1-B134-C71D6381553D}.Release|Any CPU.ActiveCfg = Release|Any CPU
		{4DE38BC8-D6D7-4EB1-B134-C71D6381553D}.Release|Any CPU.Build.0 = Release|Any CPU
	EndGlobalSection
	GlobalSection(SolutionProperties) = preSolution
		HideSolutionNode = FALSE
	EndGlobalSection
	GlobalSection(ExtensibilityGlobals) = postSolution
		SolutionGuid = {ED58A077-2D3D-4C97-88F4-84CBC471B635}
	EndGlobalSection
EndGlobal
